
Microsoft Visual Studio Solution File, Format Version 12.00
# Visual Studio Version 17
VisualStudioVersion = 17.1.32407.343
MinimumVisualStudioVersion = 10.0.40219.1
Project("{FAE04EC0-301F-11D3-BF4B-00C04F79EFBC}") = "TringleCandidateProject", "TringleCandidateProject\TringleCandidateProject.csproj", "{AA2285B6-D0E5-467A-86FC-FC658BC7717B}"
EndProject
Project("{FAE04EC0-301F-11D3-BF4B-00C04F79EFBC}") = "Core", "Core\Core.csproj", "{A8EA2835-66D4-4D4A-8CC9-5CF7792876A1}"
EndProject
Project("{FAE04EC0-301F-11D3-BF4B-00C04F79EFBC}") = "Repository", "Repository\Repository.csproj", "{65E161C5-04C0-4E20-A6DD-3E77A36F932F}"
EndProject
Project("{FAE04EC0-301F-11D3-BF4B-00C04F79EFBC}") = "Service", "Service\Service.csproj", "{38F371DE-F254-443E-A6DA-3284854957D8}"
EndProject
Global
	GlobalSection(SolutionConfigurationPlatforms) = preSolution
		Debug|Any CPU = Debug|Any CPU
		Release|Any CPU = Release|Any CPU
	EndGlobalSection
	GlobalSection(ProjectConfigurationPlatforms) = postSolution
		{AA2285B6-D0E5-467A-86FC-FC658BC7717B}.Debug|Any CPU.ActiveCfg = Debug|Any CPU
		{AA2285B6-D0E5-467A-86FC-FC658BC7717B}.Debug|Any CPU.Build.0 = Debug|Any CPU
		{AA2285B6-D0E5-467A-86FC-FC658BC7717B}.Release|Any CPU.ActiveCfg = Release|Any CPU
		{AA2285B6-D0E5-467A-86FC-FC658BC7717B}.Release|Any CPU.Build.0 = Release|Any CPU
		{A8EA2835-66D4-4D4A-8CC9-5CF7792876A1}.Debug|Any CPU.ActiveCfg = Debug|Any CPU
		{A8EA2835-66D4-4D4A-8CC9-5CF7792876A1}.Debug|Any CPU.Build.0 = Debug|Any CPU
		{A8EA2835-66D4-4D4A-8CC9-5CF7792876A1}.Release|Any CPU.ActiveCfg = Release|Any CPU
		{A8EA2835-66D4-4D4A-8CC9-5CF7792876A1}.Release|Any CPU.Build.0 = Release|Any CPU
		{65E161C5-04C0-4E20-A6DD-3E77A36F932F}.Debug|Any CPU.ActiveCfg = Debug|Any CPU
		{65E161C5-04C0-4E20-A6DD-3E77A36F932F}.Debug|Any CPU.Build.0 = Debug|Any CPU
		{65E161C5-04C0-4E20-A6DD-3E77A36F932F}.Release|Any CPU.ActiveCfg = Release|Any CPU
		{65E161C5-04C0-4E20-A6DD-3E77A36F932F}.Release|Any CPU.Build.0 = Release|Any CPU
		{38F371DE-F254-443E-A6DA-3284854957D8}.Debug|Any CPU.ActiveCfg = Debug|Any CPU
		{38F371DE-F254-443E-A6DA-3284854957D8}.Debug|Any CPU.Build.0 = Debug|Any CPU
		{38F371DE-F254-443E-A6DA-3284854957D8}.Release|Any CPU.ActiveCfg = Release|Any CPU
		{38F371DE-F254-443E-A6DA-3284854957D8}.Release|Any CPU.Build.0 = Release|Any CPU
	EndGlobalSection
	GlobalSection(SolutionProperties) = preSolution
		HideSolutionNode = FALSE
	EndGlobalSection
	GlobalSection(ExtensibilityGlobals) = postSolution
		SolutionGuid = {1F2FC869-0023-46A3-8829-7FEB4DA72516}
	EndGlobalSection
EndGlobal
